
Microsoft Visual Studio Solution File, Format Version 12.00
# Visual Studio Version 17
VisualStudioVersion = 17.2.32616.157
MinimumVisualStudioVersion = 10.0.40219.1
Project("{FAE04EC0-301F-11D3-BF4B-00C04F79EFBC}") = "WebApplication1", "WebApplication1\WebApplication1.csproj", "{A5E071D9-B984-4C52-A104-AFCC17AFFB04}"
EndProject
Project("{2150E333-8FDC-42A3-9474-1A3956D46DE8}") = "Solution Items", "Solution Items", "{58CE2E7A-88B7-4B22-8069-D74020C13CC7}"
	ProjectSection(SolutionItems) = preProject
		.editorconfig = .editorconfig
	EndProjectSection
EndProject
Global
	GlobalSection(SolutionConfigurationPlatforms) = preSolution
		Debug|Any CPU = Debug|Any CPU
		Release|Any CPU = Release|Any CPU
	EndGlobalSection
	GlobalSection(ProjectConfigurationPlatforms) = postSolution
		{A5E071D9-B984-4C52-A104-AFCC17AFFB04}.Debug|Any CPU.ActiveCfg = Debug|Any CPU
		{A5E071D9-B984-4C52-A104-AFCC17AFFB04}.Debug|Any CPU.Build.0 = Debug|Any CPU
		{A5E071D9-B984-4C52-A104-AFCC17AFFB04}.Release|Any CPU.ActiveCfg = Release|Any CPU
		{A5E071D9-B984-4C52-A104-AFCC17AFFB04}.Release|Any CPU.Build.0 = Release|Any CPU
	EndGlobalSection
	GlobalSection(SolutionProperties) = preSolution
		HideSolutionNode = FALSE
	EndGlobalSection
	GlobalSection(ExtensibilityGlobals) = postSolution
		SolutionGuid = {7DE78537-5A69-40E6-ADA9-20398D352BD2}
	EndGlobalSection
EndGlobal
